PODS:
  - AuthSDK (0.1.0):
    - R.swift
    - UIComponents
  - R.swift (7.2.4)
  - SnapKit (5.6.0)
  - SwiftLint (0.50.3)
  - UIComponents (0.1.0):
    - SnapKit

DEPENDENCIES:
  - AuthSDK (from `./Frameworks/AuthSDK`)
  - R.swift (~> 7)
  - SnapKit (~> 5)
  - SwiftLint (~> 0)
  - UIComponents (from `./Frameworks/UIComponents`)

SPEC REPOS:
  trunk:
    - R.swift
    - SnapKit
    - SwiftLint

EXTERNAL SOURCES:
  AuthSDK:
    :path: "./Frameworks/AuthSDK"
  UIComponents:
    :path: "./Frameworks/UIComponents"

SPEC CHECKSUMS:
  AuthSDK: 9babbe12ad35971ac8eea59d5db4ff1a2423a3e5
  R.swift: 681bb9135f482e7a81d9d27445b837fef5467e11
  SnapKit: e01d52ebb8ddbc333eefe2132acf85c8227d9c25
  SwiftLint: 77f7cb2b9bb81ab4a12fcc86448ba3f11afa50c6
  UIComponents: ec2b52ae0774aee13944db2db98e15f3388fba42

PODFILE CHECKSUM: a8e0192ac770e51b51556ab326cc49c72ac404d0

COCOAPODS: 1.12.1
